
Microsoft Visual Studio Solution File, Format Version 12.00
# Visual Studio 15
Project("{FAE04EC0-301F-11D3-BF4B-00C04F79EFBC}") = "Assembly-CSharp", "Assembly-CSharp.csproj", "{74BF71AD-1C46-60FA-516C-0973B1F55AF6}"
EndProject
Project("{FAE04EC0-301F-11D3-BF4B-00C04F79EFBC}") = "Assembly-CSharp-firstpass", "Assembly-CSharp-firstpass.csproj", "{0177F5E2-9BE6-12EB-CD5A-7F265E46567B}"
EndProject
Global
	GlobalSection(SolutionConfigurationPlatforms) = preSolution
		Debug|Any CPU = Debug|Any CPU
		Release|Any CPU = Release|Any CPU
	EndGlobalSection
	GlobalSection(ProjectConfigurationPlatforms) = postSolution
		{74BF71AD-1C46-60FA-516C-0973B1F55AF6}.Debug|Any CPU.ActiveCfg = Debug|Any CPU
		{74BF71AD-1C46-60FA-516C-0973B1F55AF6}.Debug|Any CPU.Build.0 = Debug|Any CPU
		{74BF71AD-1C46-60FA-516C-0973B1F55AF6}.Release|Any CPU.ActiveCfg = Release|Any CPU
		{74BF71AD-1C46-60FA-516C-0973B1F55AF6}.Release|Any CPU.Build.0 = Release|Any CPU
		{0177F5E2-9BE6-12EB-CD5A-7F265E46567B}.Debug|Any CPU.ActiveCfg = Debug|Any CPU
		{0177F5E2-9BE6-12EB-CD5A-7F265E46567B}.Debug|Any CPU.Build.0 = Debug|Any CPU
		{0177F5E2-9BE6-12EB-CD5A-7F265E46567B}.Release|Any CPU.ActiveCfg = Release|Any CPU
		{0177F5E2-9BE6-12EB-CD5A-7F265E46567B}.Release|Any CPU.Build.0 = Release|Any CPU
	EndGlobalSection
	GlobalSection(SolutionProperties) = preSolution
		HideSolutionNode = FALSE
	EndGlobalSection
EndGlobal
